{
  "requires": true,
  "lockfileVersion": 1,
  "dependencies": {
    "m3u8-file-parser": {
      "version": "0.2.3",
      "resolved": "https://registry.npmjs.org/m3u8-file-parser/-/m3u8-file-parser-0.2.3.tgz",
      "integrity": "sha512-Iz5aPr9J9PYBKyKK8+HYlg4Oqcwcg+TsxfoKVD1Mn0OqWES4Y82Na61XgMeLmKCujz+lxS/ygCNEdodgRLiOiQ=="
    }
  }
}
